
Microsoft Visual Studio Solution File, Format Version 12.00
# Visual Studio Version 17
VisualStudioVersion = 17.8.34511.84
MinimumVisualStudioVersion = 10.0.40219.1
Project("{FAE04EC0-301F-11D3-BF4B-00C04F79EFBC}") = "Sipping And Handling", "Sipping And Handling.csproj", "{EC2FB14C-5BEB-4F26-8FA0-A8905F28A352}"
EndProject
Global
	GlobalSection(SolutionConfigurationPlatforms) = preSolution
		Debug|Any CPU = Debug|Any CPU
		Release|Any CPU = Release|Any CPU
	EndGlobalSection
	GlobalSection(ProjectConfigurationPlatforms) = postSolution
		{EC2FB14C-5BEB-4F26-8FA0-A8905F28A352}.Debug|Any CPU.ActiveCfg = Debug|Any CPU
		{EC2FB14C-5BEB-4F26-8FA0-A8905F28A352}.Debug|Any CPU.Build.0 = Debug|Any CPU
		{EC2FB14C-5BEB-4F26-8FA0-A8905F28A352}.Release|Any CPU.ActiveCfg = Release|Any CPU
		{EC2FB14C-5BEB-4F26-8FA0-A8905F28A352}.Release|Any CPU.Build.0 = Release|Any CPU
	EndGlobalSection
	GlobalSection(SolutionProperties) = preSolution
		HideSolutionNode = FALSE
	EndGlobalSection
	GlobalSection(ExtensibilityGlobals) = postSolution
		SolutionGuid = {DC5A0676-1433-4737-A105-3676B137779D}
	EndGlobalSection
EndGlobal
